
Microsoft Visual Studio Solution File, Format Version 12.00
# Visual Studio Version 16
VisualStudioVersion = 16.0.29806.167
MinimumVisualStudioVersion = 10.0.40219.1
Project("{9A19103F-16F7-4668-BE54-9A1E7A4F7556}") = "AldeiaParental", "AldeiaParental.csproj", "{A7AA667D-C389-4BBA-9CBA-22AD753F6D0A}"
EndProject
Global
	GlobalSection(SolutionConfigurationPlatforms) = preSolution
		Debug|Any CPU = Debug|Any CPU
		Release|Any CPU = Release|Any CPU
	EndGlobalSection
	GlobalSection(ProjectConfigurationPlatforms) = postSolution
		{A7AA667D-C389-4BBA-9CBA-22AD753F6D0A}.Debug|Any CPU.ActiveCfg = Debug|Any CPU
		{A7AA667D-C389-4BBA-9CBA-22AD753F6D0A}.Debug|Any CPU.Build.0 = Debug|Any CPU
		{A7AA667D-C389-4BBA-9CBA-22AD753F6D0A}.Release|Any CPU.ActiveCfg = Release|Any CPU
		{A7AA667D-C389-4BBA-9CBA-22AD753F6D0A}.Release|Any CPU.Build.0 = Release|Any CPU
	EndGlobalSection
	GlobalSection(SolutionProperties) = preSolution
		HideSolutionNode = FALSE
	EndGlobalSection
	GlobalSection(ExtensibilityGlobals) = postSolution
		SolutionGuid = {2EF83F69-8506-49E3-A662-FD02151CE948}
	EndGlobalSection
EndGlobal
